{
  "nodes": {
    "flake-utils": {
      "locked": {
        "lastModified": 1667395993,
        "narHash": "sha256-nuEHfE/LcWyuSWnS8t12N1wc105Qtau+/OdUAjtQ0rA=",
        "owner": "numtide",
        "repo": "flake-utils",
        "rev": "5aed5285a952e0b949eb3ba02c12fa4fcfef535f",
        "type": "github"
      },
      "original": {
        "owner": "numtide",
        "repo": "flake-utils",
        "type": "github"
      }
    },
    "gitignore": {
      "inputs": {
        "nixpkgs": [
          "nixpkgs"
        ]
      },
      "locked": {
        "lastModified": 1660459072,
        "narHash": "sha256-8DFJjXG8zqoONA1vXtgeKXy68KdJL5UaXR8NtVMUbx8=",
        "owner": "hercules-ci",
        "repo": "gitignore.nix",
        "rev": "a20de23b925fd8264fd7fad6454652e142fd7f73",
        "type": "github"
      },
      "original": {
        "owner": "hercules-ci",
        "repo": "gitignore.nix",
        "type": "github"
      }
    },
    "hly-nixpkgs": {
      "locked": {
        "lastModified": 1670348404,
        "narHash": "sha256-Bz0+myfj9AuZ+uudvyZIFSuFAdIg1kFkEhxUxffvzFk=",
        "owner": "hraban",
        "repo": "nixpkgs",
        "rev": "b390fb8eeb6c1625c13f8a78c483a179c14b2e32",
        "type": "github"
      },
      "original": {
        "owner": "hraban",
        "ref": "feat/lisp-packages-lite",
        "repo": "nixpkgs",
        "type": "github"
      }
    },
    "infix-src": {
      "flake": false,
      "locked": {
        "lastModified": 1499286745,
        "narHash": "sha256-bzW/xsvDqmw6XXkhdw7xNX4zS/JFUTyw4yMd2kkR18A=",
        "owner": "ruricolist",
        "repo": "infix-math",
        "rev": "f5155ae9709e518061ace79887d78f8e79c61cac",
        "type": "github"
      },
      "original": {
        "owner": "ruricolist",
        "repo": "infix-math",
        "type": "github"
      }
    },
    "nixpkgs": {
      "locked": {
        "lastModified": 1669597967,
        "narHash": "sha256-R+2NaDkXsYkOpFOhmVR8jBZ77Pq55Z6ilaqwFLLn000=",
        "owner": "NixOS",
        "repo": "nixpkgs",
        "rev": "be9e3762e719211368d186f547f847737baad720",
        "type": "github"
      },
      "original": {
        "id": "nixpkgs",
        "type": "indirect"
      }
    },
    "root": {
      "inputs": {
        "flake-utils": "flake-utils",
        "gitignore": "gitignore",
        "hly-nixpkgs": "hly-nixpkgs",
        "infix-src": "infix-src",
        "nixpkgs": "nixpkgs",
        "winfer-src": "winfer-src",
        "wu-src": "wu-src"
      }
    },
    "winfer-src": {
      "flake": false,
      "locked": {
        "lastModified": 1621522883,
        "narHash": "sha256-AH23HE+NpJ8aZkvyAHWKPtNoQSJatkFXwh6rgeKQ42o=",
        "owner": "privet-kitty",
        "repo": "wild-package-inferred-system",
        "rev": "800b5f89b61cc4a0a9cf14706fd3f7e7fcd3e539",
        "type": "github"
      },
      "original": {
        "owner": "privet-kitty",
        "repo": "wild-package-inferred-system",
        "type": "github"
      }
    },
    "wu-src": {
      "flake": false,
      "locked": {
        "lastModified": 1354739345,
        "narHash": "sha256-taH7Odn1nqGyZ1brxpC3xJjuJ3ctksqrOkkcFiFR9tw=",
        "owner": "Wukix",
        "repo": "wu-decimal",
        "rev": "5b348bdb32a0f83e80e17aa68cd51787ae8c8a45",
        "type": "github"
      },
      "original": {
        "owner": "Wukix",
        "repo": "wu-decimal",
        "type": "github"
      }
    }
  },
  "root": "root",
  "version": 7
}
